
Microsoft Visual Studio Solution File, Format Version 12.00
# Visual Studio 14
VisualStudioVersion = 14.0.25420.1
MinimumVisualStudioVersion = 10.0.40219.1
Project("{FAE04EC0-301F-11D3-BF4B-00C04F79EFBC}") = "TestingXamarin.Android", "TestingXamarin\TestingXamarin.Android\TestingXamarin.Android.csproj", "{9A54802D-65DB-4157-973E-BF7C0302FB51}"
EndProject
Project("{FAE04EC0-301F-11D3-BF4B-00C04F79EFBC}") = "TestingXamarin", "TestingXamarin\TestingXamarin\TestingXamarin.csproj", "{5D7244A4-8202-46F0-8D97-74B54817D729}"
EndProject
Project("{FAE04EC0-301F-11D3-BF4B-00C04F79EFBC}") = "TestingXamarin.UWP", "TestingXamarin\TestingXamarin.UWP\TestingXamarin.UWP.csproj", "{D6E7784A-829A-4847-AB39-D437C8CBCC45}"
EndProject
Project("{FAE04EC0-301F-11D3-BF4B-00C04F79EFBC}") = "TestingXamarin.iOS", "TestingXamarin\TestingXamarin.iOS\TestingXamarin.iOS.csproj", "{DD5208B3-2657-436E-A693-F71240A2B189}"
EndProject
Project("{FAE04EC0-301F-11D3-BF4B-00C04F79EFBC}") = "TestUI", "TestUI\TestUI.csproj", "{90357976-2150-426D-9373-295B439D57B9}"
EndProject
Global
	GlobalSection(SolutionConfigurationPlatforms) = preSolution
		Ad-Hoc|Any CPU = Ad-Hoc|Any CPU
		Ad-Hoc|ARM = Ad-Hoc|ARM
		Ad-Hoc|iPhone = Ad-Hoc|iPhone
		Ad-Hoc|iPhoneSimulator = Ad-Hoc|iPhoneSimulator
		Ad-Hoc|x64 = Ad-Hoc|x64
		Ad-Hoc|x86 = Ad-Hoc|x86
		AppStore|Any CPU = AppStore|Any CPU
		AppStore|ARM = AppStore|ARM
		AppStore|iPhone = AppStore|iPhone
		AppStore|iPhoneSimulator = AppStore|iPhoneSimulator
		AppStore|x64 = AppStore|x64
		AppStore|x86 = AppStore|x86
		Debug|Any CPU = Debug|Any CPU
		Debug|ARM = Debug|ARM
		Debug|iPhone = Debug|iPhone
		Debug|iPhoneSimulator = Debug|iPhoneSimulator
		Debug|x64 = Debug|x64
		Debug|x86 = Debug|x86
		Release|Any CPU = Release|Any CPU
		Release|ARM = Release|ARM
		Release|iPhone = Release|iPhone
		Release|iPhoneSimulator = Release|iPhoneSimulator
		Release|x64 = Release|x64
		Release|x86 = Release|x86
	EndGlobalSection
	GlobalSection(ProjectConfigurationPlatforms) = postSolution
		{9A54802D-65DB-4157-973E-BF7C0302FB51}.Ad-Hoc|Any CPU.ActiveCfg = Release|Any CPU
		{9A54802D-65DB-4157-973E-BF7C0302FB51}.Ad-Hoc|Any CPU.Build.0 = Release|Any CPU
		{9A54802D-65DB-4157-973E-BF7C0302FB51}.Ad-Hoc|Any CPU.Deploy.0 = Release|Any CPU
		{9A54802D-65DB-4157-973E-BF7C0302FB51}.Ad-Hoc|ARM.ActiveCfg = Release|Any CPU
		{9A54802D-65DB-4157-973E-BF7C0302FB51}.Ad-Hoc|ARM.Build.0 = Release|Any CPU
		{9A54802D-65DB-4157-973E-BF7C0302FB51}.Ad-Hoc|ARM.Deploy.0 = Release|Any CPU
		{9A54802D-65DB-4157-973E-BF7C0302FB51}.Ad-Hoc|iPhone.ActiveCfg = Release|Any CPU
		{9A54802D-65DB-4157-973E-BF7C0302FB51}.Ad-Hoc|iPhone.Build.0 = Release|Any CPU
		{9A54802D-65DB-4157-973E-BF7C0302FB51}.Ad-Hoc|iPhone.Deploy.0 = Release|Any CPU
		{9A54802D-65DB-4157-973E-BF7C0302FB51}.Ad-Hoc|iPhoneSimulator.ActiveCfg = Release|Any CPU
		{9A54802D-65DB-4157-973E-BF7C0302FB51}.Ad-Hoc|iPhoneSimulator.Build.0 = Release|Any CPU
		{9A54802D-65DB-4157-973E-BF7C0302FB51}.Ad-Hoc|iPhoneSimulator.Deploy.0 = Release|Any CPU
		{9A54802D-65DB-4157-973E-BF7C0302FB51}.Ad-Hoc|x64.ActiveCfg = Release|Any CPU
		{9A54802D-65DB-4157-973E-BF7C0302FB51}.Ad-Hoc|x64.Build.0 = Release|Any CPU
		{9A54802D-65DB-4157-973E-BF7C0302FB51}.Ad-Hoc|x64.Deploy.0 = Release|Any CPU
		{9A54802D-65DB-4157-973E-BF7C0302FB51}.Ad-Hoc|x86.ActiveCfg = Release|Any CPU
		{9A54802D-65DB-4157-973E-BF7C0302FB51}.Ad-Hoc|x86.Build.0 = Release|Any CPU
		{9A54802D-65DB-4157-973E-BF7C0302FB51}.Ad-Hoc|x86.Deploy.0 = Release|Any CPU
		{9A54802D-65DB-4157-973E-BF7C0302FB51}.AppStore|Any CPU.ActiveCfg = Release|Any CPU
		{9A54802D-65DB-4157-973E-BF7C0302FB51}.AppStore|Any CPU.Build.0 = Release|Any CPU
		{9A54802D-65DB-4157-973E-BF7C0302FB51}.AppStore|Any CPU.Deploy.0 = Release|Any CPU
		{9A54802D-65DB-4157-973E-BF7C0302FB51}.AppStore|ARM.ActiveCfg = Release|Any CPU
		{9A54802D-65DB-4157-973E-BF7C0302FB51}.AppStore|ARM.Build.0 = Release|Any CPU
		{9A54802D-65DB-4157-973E-BF7C0302FB51}.AppStore|ARM.Deploy.0 = Release|Any CPU
		{9A54802D-65DB-4157-973E-BF7C0302FB51}.AppStore|iPhone.ActiveCfg = Release|Any CPU
		{9A54802D-65DB-4157-973E-BF7C0302FB51}.AppStore|iPhone.Build.0 = Release|Any CPU
		{9A54802D-65DB-4157-973E-BF7C0302FB51}.AppStore|iPhone.Deploy.0 = Release|Any CPU
		{9A54802D-65DB-4157-973E-BF7C0302FB51}.AppStore|iPhoneSimulator.ActiveCfg = Release|Any CPU
		{9A54802D-65DB-4157-973E-BF7C0302FB51}.AppStore|iPhoneSimulator.Build.0 = Release|Any CPU
		{9A54802D-65DB-4157-973E-BF7C0302FB51}.AppStore|iPhoneSimulator.Deploy.0 = Release|Any CPU
		{9A54802D-65DB-4157-973E-BF7C0302FB51}.AppStore|x64.ActiveCfg = Release|Any CPU
		{9A54802D-65DB-4157-973E-BF7C0302FB51}.AppStore|x64.Build.0 = Release|Any CPU
		{9A54802D-65DB-4157-973E-BF7C0302FB51}.AppStore|x64.Deploy.0 = Release|Any CPU
		{9A54802D-65DB-4157-973E-BF7C0302FB51}.AppStore|x86.ActiveCfg = Release|Any CPU
		{9A54802D-65DB-4157-973E-BF7C0302FB51}.AppStore|x86.Build.0 = Release|Any CPU
		{9A54802D-65DB-4157-973E-BF7C0302FB51}.AppStore|x86.Deploy.0 = Release|Any CPU
		{9A54802D-65DB-4157-973E-BF7C0302FB51}.Debug|Any CPU.ActiveCfg = Debug|Any CPU
		{9A54802D-65DB-4157-973E-BF7C0302FB51}.Debug|Any CPU.Build.0 = Debug|Any CPU
		{9A54802D-65DB-4157-973E-BF7C0302FB51}.Debug|Any CPU.Deploy.0 = Debug|Any CPU
		{9A54802D-65DB-4157-973E-BF7C0302FB51}.Debug|ARM.ActiveCfg = Debug|Any CPU
		{9A54802D-65DB-4157-973E-BF7C0302FB51}.Debug|ARM.Build.0 = Debug|Any CPU
		{9A54802D-65DB-4157-973E-BF7C0302FB51}.Debug|ARM.Deploy.0 = Debug|Any CPU
		{9A54802D-65DB-4157-973E-BF7C0302FB51}.Debug|iPhone.ActiveCfg = Debug|Any CPU
		{9A54802D-65DB-4157-973E-BF7C0302FB51}.Debug|iPhone.Build.0 = Debug|Any CPU
		{9A54802D-65DB-4157-973E-BF7C0302FB51}.Debug|iPhone.Deploy.0 = Debug|Any CPU
		{9A54802D-65DB-4157-973E-BF7C0302FB51}.Debug|iPhoneSimulator.ActiveCfg = Debug|Any CPU
		{9A54802D-65DB-4157-973E-BF7C0302FB51}.Debug|iPhoneSimulator.Build.0 = Debug|Any CPU
		{9A54802D-65DB-4157-973E-BF7C0302FB51}.Debug|iPhoneSimulator.Deploy.0 = Debug|Any CPU
		{9A54802D-65DB-4157-973E-BF7C0302FB51}.Debug|x64.ActiveCfg = Debug|Any CPU
		{9A54802D-65DB-4157-973E-BF7C0302FB51}.Debug|x64.Build.0 = Debug|Any CPU
		{9A54802D-65DB-4157-973E-BF7C0302FB51}.Debug|x64.Deploy.0 = Debug|Any CPU
		{9A54802D-65DB-4157-973E-BF7C0302FB51}.Debug|x86.ActiveCfg = Debug|Any CPU
		{9A54802D-65DB-4157-973E-BF7C0302FB51}.Debug|x86.Build.0 = Debug|Any CPU
		{9A54802D-65DB-4157-973E-BF7C0302FB51}.Debug|x86.Deploy.0 = Debug|Any CPU
		{9A54802D-65DB-4157-973E-BF7C0302FB51}.Release|Any CPU.ActiveCfg = Release|Any CPU
		{9A54802D-65DB-4157-973E-BF7C0302FB51}.Release|Any CPU.Build.0 = Release|Any CPU
		{9A54802D-65DB-4157-973E-BF7C0302FB51}.Release|Any CPU.Deploy.0 = Release|Any CPU
		{9A54802D-65DB-4157-973E-BF7C0302FB51}.Release|ARM.ActiveCfg = Release|Any CPU
		{9A54802D-65DB-4157-973E-BF7C0302FB51}.Release|ARM.Build.0 = Release|Any CPU
		{9A54802D-65DB-4157-973E-BF7C0302FB51}.Release|ARM.Deploy.0 = Release|Any CPU
		{9A54802D-65DB-4157-973E-BF7C0302FB51}.Release|iPhone.ActiveCfg = Release|Any CPU
		{9A54802D-65DB-4157-973E-BF7C0302FB51}.Release|iPhone.Build.0 = Release|Any CPU
		{9A54802D-65DB-4157-973E-BF7C0302FB51}.Release|iPhone.Deploy.0 = Release|Any CPU
		{9A54802D-65DB-4157-973E-BF7C0302FB51}.Release|iPhoneSimulator.ActiveCfg = Release|Any CPU
		{9A54802D-65DB-4157-973E-BF7C0302FB51}.Release|iPhoneSimulator.Build.0 = Release|Any CPU
		{9A54802D-65DB-4157-973E-BF7C0302FB51}.Release|iPhoneSimulator.Deploy.0 = Release|Any CPU
		{9A54802D-65DB-4157-973E-BF7C0302FB51}.Release|x64.ActiveCfg = Release|Any CPU
		{9A54802D-65DB-4157-973E-BF7C0302FB51}.Release|x64.Build.0 = Release|Any CPU
		{9A54802D-65DB-4157-973E-BF7C0302FB51}.Release|x64.Deploy.0 = Release|Any CPU
		{9A54802D-65DB-4157-973E-BF7C0302FB51}.Release|x86.ActiveCfg = Release|Any CPU
		{9A54802D-65DB-4157-973E-BF7C0302FB51}.Release|x86.Build.0 = Release|Any CPU
		{9A54802D-65DB-4157-973E-BF7C0302FB51}.Release|x86.Deploy.0 = Release|Any CPU
		{5D7244A4-8202-46F0-8D97-74B54817D729}.Ad-Hoc|Any CPU.ActiveCfg = Release|Any CPU
		{5D7244A4-8202-46F0-8D97-74B54817D729}.Ad-Hoc|Any CPU.Build.0 = Release|Any CPU
		{5D7244A4-8202-46F0-8D97-74B54817D729}.Ad-Hoc|ARM.ActiveCfg = Release|Any CPU
		{5D7244A4-8202-46F0-8D97-74B54817D729}.Ad-Hoc|ARM.Build.0 = Release|Any CPU
		{5D7244A4-8202-46F0-8D97-74B54817D729}.Ad-Hoc|iPhone.ActiveCfg = Release|Any CPU
		{5D7244A4-8202-46F0-8D97-74B54817D729}.Ad-Hoc|iPhone.Build.0 = Release|Any CPU
		{5D7244A4-8202-46F0-8D97-74B54817D729}.Ad-Hoc|iPhoneSimulator.ActiveCfg = Release|Any CPU
		{5D7244A4-8202-46F0-8D97-74B54817D729}.Ad-Hoc|iPhoneSimulator.Build.0 = Release|Any CPU
		{5D7244A4-8202-46F0-8D97-74B54817D729}.Ad-Hoc|x64.ActiveCfg = Release|Any CPU
		{5D7244A4-8202-46F0-8D97-74B54817D729}.Ad-Hoc|x64.Build.0 = Release|Any CPU
		{5D7244A4-8202-46F0-8D97-74B54817D729}.Ad-Hoc|x86.ActiveCfg = Release|Any CPU
		{5D7244A4-8202-46F0-8D97-74B54817D729}.Ad-Hoc|x86.Build.0 = Release|Any CPU
		{5D7244A4-8202-46F0-8D97-74B54817D729}.AppStore|Any CPU.ActiveCfg = Release|Any CPU
		{5D7244A4-8202-46F0-8D97-74B54817D729}.AppStore|Any CPU.Build.0 = Release|Any CPU
		{5D7244A4-8202-46F0-8D97-74B54817D729}.AppStore|ARM.ActiveCfg = Release|Any CPU
		{5D7244A4-8202-46F0-8D97-74B54817D729}.AppStore|ARM.Build.0 = Release|Any CPU
		{5D7244A4-8202-46F0-8D97-74B54817D729}.AppStore|iPhone.ActiveCfg = Release|Any CPU
		{5D7244A4-8202-46F0-8D97-74B54817D729}.AppStore|iPhone.Build.0 = Release|Any CPU
		{5D7244A4-8202-46F0-8D97-74B54817D729}.AppStore|iPhoneSimulator.ActiveCfg = Release|Any CPU
		{5D7244A4-8202-46F0-8D97-74B54817D729}.AppStore|iPhoneSimulator.Build.0 = Release|Any CPU
		{5D7244A4-8202-46F0-8D97-74B54817D729}.AppStore|x64.ActiveCfg = Release|Any CPU
		{5D7244A4-8202-46F0-8D97-74B54817D729}.AppStore|x64.Build.0 = Release|Any CPU
		{5D7244A4-8202-46F0-8D97-74B54817D729}.AppStore|x86.ActiveCfg = Release|Any CPU
		{5D7244A4-8202-46F0-8D97-74B54817D729}.AppStore|x86.Build.0 = Release|Any CPU
		{5D7244A4-8202-46F0-8D97-74B54817D729}.Debug|Any CPU.ActiveCfg = Debug|Any CPU
		{5D7244A4-8202-46F0-8D97-74B54817D729}.Debug|Any CPU.Build.0 = Debug|Any CPU
		{5D7244A4-8202-46F0-8D97-74B54817D729}.Debug|ARM.ActiveCfg = Debug|Any CPU
		{5D7244A4-8202-46F0-8D97-74B54817D729}.Debug|ARM.Build.0 = Debug|Any CPU
		{5D7244A4-8202-46F0-8D97-74B54817D729}.Debug|iPhone.ActiveCfg = Debug|Any CPU
		{5D7244A4-8202-46F0-8D97-74B54817D729}.Debug|iPhone.Build.0 = Debug|Any CPU
		{5D7244A4-8202-46F0-8D97-74B54817D729}.Debug|iPhoneSimulator.ActiveCfg = Debug|Any CPU
		{5D7244A4-8202-46F0-8D97-74B54817D729}.Debug|iPhoneSimulator.Build.0 = Debug|Any CPU
		{5D7244A4-8202-46F0-8D97-74B54817D729}.Debug|x64.ActiveCfg = Debug|Any CPU
		{5D7244A4-8202-46F0-8D97-74B54817D729}.Debug|x64.Build.0 = Debug|Any CPU
		{5D7244A4-8202-46F0-8D97-74B54817D729}.Debug|x86.ActiveCfg = Debug|Any CPU
		{5D7244A4-8202-46F0-8D97-74B54817D729}.Debug|x86.Build.0 = Debug|Any CPU
		{5D7244A4-8202-46F0-8D97-74B54817D729}.Release|Any CPU.ActiveCfg = Release|Any CPU
		{5D7244A4-8202-46F0-8D97-74B54817D729}.Release|Any CPU.Build.0 = Release|Any CPU
		{5D7244A4-8202-46F0-8D97-74B54817D729}.Release|ARM.ActiveCfg = Release|Any CPU
		{5D7244A4-8202-46F0-8D97-74B54817D729}.Release|ARM.Build.0 = Release|Any CPU
		{5D7244A4-8202-46F0-8D97-74B54817D729}.Release|iPhone.ActiveCfg = Release|Any CPU
		{5D7244A4-8202-46F0-8D97-74B54817D729}.Release|iPhone.Build.0 = Release|Any CPU
		{5D7244A4-8202-46F0-8D97-74B54817D729}.Release|iPhoneSimulator.ActiveCfg = Release|Any CPU
		{5D7244A4-8202-46F0-8D97-74B54817D729}.Release|iPhoneSimulator.Build.0 = Release|Any CPU
		{5D7244A4-8202-46F0-8D97-74B54817D729}.Release|x64.ActiveCfg = Release|Any CPU
		{5D7244A4-8202-46F0-8D97-74B54817D729}.Release|x64.Build.0 = Release|Any CPU
		{5D7244A4-8202-46F0-8D97-74B54817D729}.Release|x86.ActiveCfg = Release|Any CPU
		{5D7244A4-8202-46F0-8D97-74B54817D729}.Release|x86.Build.0 = Release|Any CPU
		{D6E7784A-829A-4847-AB39-D437C8CBCC45}.Ad-Hoc|Any CPU.ActiveCfg = Release|x86
		{D6E7784A-829A-4847-AB39-D437C8CBCC45}.Ad-Hoc|Any CPU.Build.0 = Release|x86
		{D6E7784A-829A-4847-AB39-D437C8CBCC45}.Ad-Hoc|Any CPU.Deploy.0 = Release|x86
		{D6E7784A-829A-4847-AB39-D437C8CBCC45}.Ad-Hoc|ARM.ActiveCfg = Release|ARM
		{D6E7784A-829A-4847-AB39-D437C8CBCC45}.Ad-Hoc|ARM.Build.0 = Release|ARM
		{D6E7784A-829A-4847-AB39-D437C8CBCC45}.Ad-Hoc|ARM.Deploy.0 = Release|ARM
		{D6E7784A-829A-4847-AB39-D437C8CBCC45}.Ad-Hoc|iPhone.ActiveCfg = Release|x86
		{D6E7784A-829A-4847-AB39-D437C8CBCC45}.Ad-Hoc|iPhone.Build.0 = Release|x86
		{D6E7784A-829A-4847-AB39-D437C8CBCC45}.Ad-Hoc|iPhone.Deploy.0 = Release|x86
		{D6E7784A-829A-4847-AB39-D437C8CBCC45}.Ad-Hoc|iPhoneSimulator.ActiveCfg = Release|x86
		{D6E7784A-829A-4847-AB39-D437C8CBCC45}.Ad-Hoc|iPhoneSimulator.Build.0 = Release|x86
		{D6E7784A-829A-4847-AB39-D437C8CBCC45}.Ad-Hoc|iPhoneSimulator.Deploy.0 = Release|x86
		{D6E7784A-829A-4847-AB39-D437C8CBCC45}.Ad-Hoc|x64.ActiveCfg = Release|x64
		{D6E7784A-829A-4847-AB39-D437C8CBCC45}.Ad-Hoc|x64.Build.0 = Release|x64
		{D6E7784A-829A-4847-AB39-D437C8CBCC45}.Ad-Hoc|x64.Deploy.0 = Release|x64
		{D6E7784A-829A-4847-AB39-D437C8CBCC45}.Ad-Hoc|x86.ActiveCfg = Release|x86
		{D6E7784A-829A-4847-AB39-D437C8CBCC45}.Ad-Hoc|x86.Build.0 = Release|x86
		{D6E7784A-829A-4847-AB39-D437C8CBCC45}.Ad-Hoc|x86.Deploy.0 = Release|x86
		{D6E7784A-829A-4847-AB39-D437C8CBCC45}.AppStore|Any CPU.ActiveCfg = Release|x86
		{D6E7784A-829A-4847-AB39-D437C8CBCC45}.AppStore|Any CPU.Build.0 = Release|x86
		{D6E7784A-829A-4847-AB39-D437C8CBCC45}.AppStore|Any CPU.Deploy.0 = Release|x86
		{D6E7784A-829A-4847-AB39-D437C8CBCC45}.AppStore|ARM.ActiveCfg = Release|ARM
		{D6E7784A-829A-4847-AB39-D437C8CBCC45}.AppStore|ARM.Build.0 = Release|ARM
		{D6E7784A-829A-4847-AB39-D437C8CBCC45}.AppStore|ARM.Deploy.0 = Release|ARM
		{D6E7784A-829A-4847-AB39-D437C8CBCC45}.AppStore|iPhone.ActiveCfg = Release|x86
		{D6E7784A-829A-4847-AB39-D437C8CBCC45}.AppStore|iPhone.Build.0 = Release|x86
		{D6E7784A-829A-4847-AB39-D437C8CBCC45}.AppStore|iPhone.Deploy.0 = Release|x86
		{D6E7784A-829A-4847-AB39-D437C8CBCC45}.AppStore|iPhoneSimulator.ActiveCfg = Release|x86
		{D6E7784A-829A-4847-AB39-D437C8CBCC45}.AppStore|iPhoneSimulator.Build.0 = Release|x86
		{D6E7784A-829A-4847-AB39-D437C8CBCC45}.AppStore|iPhoneSimulator.Deploy.0 = Release|x86
		{D6E7784A-829A-4847-AB39-D437C8CBCC45}.AppStore|x64.ActiveCfg = Release|x64
		{D6E7784A-829A-4847-AB39-D437C8CBCC45}.AppStore|x64.Build.0 = Release|x64
		{D6E7784A-829A-4847-AB39-D437C8CBCC45}.AppStore|x64.Deploy.0 = Release|x64
		{D6E7784A-829A-4847-AB39-D437C8CBCC45}.AppStore|x86.ActiveCfg = Release|x86
		{D6E7784A-829A-4847-AB39-D437C8CBCC45}.AppStore|x86.Build.0 = Release|x86
		{D6E7784A-829A-4847-AB39-D437C8CBCC45}.AppStore|x86.Deploy.0 = Release|x86
		{D6E7784A-829A-4847-AB39-D437C8CBCC45}.Debug|Any CPU.ActiveCfg = Debug|x86
		{D6E7784A-829A-4847-AB39-D437C8CBCC45}.Debug|ARM.ActiveCfg = Debug|ARM
		{D6E7784A-829A-4847-AB39-D437C8CBCC45}.Debug|ARM.Build.0 = Debug|ARM
		{D6E7784A-829A-4847-AB39-D437C8CBCC45}.Debug|ARM.Deploy.0 = Debug|ARM
		{D6E7784A-829A-4847-AB39-D437C8CBCC45}.Debug|iPhone.ActiveCfg = Debug|x86
		{D6E7784A-829A-4847-AB39-D437C8CBCC45}.Debug|iPhoneSimulator.ActiveCfg = Debug|x86
		{D6E7784A-829A-4847-AB39-D437C8CBCC45}.Debug|x64.ActiveCfg = Debug|x64
		{D6E7784A-829A-4847-AB39-D437C8CBCC45}.Debug|x64.Build.0 = Debug|x64
		{D6E7784A-829A-4847-AB39-D437C8CBCC45}.Debug|x64.Deploy.0 = Debug|x64
		{D6E7784A-829A-4847-AB39-D437C8CBCC45}.Debug|x86.ActiveCfg = Debug|x86
		{D6E7784A-829A-4847-AB39-D437C8CBCC45}.Debug|x86.Build.0 = Debug|x86
		{D6E7784A-829A-4847-AB39-D437C8CBCC45}.Debug|x86.Deploy.0 = Debug|x86
		{D6E7784A-829A-4847-AB39-D437C8CBCC45}.Release|Any CPU.ActiveCfg = Release|x86
		{D6E7784A-829A-4847-AB39-D437C8CBCC45}.Release|ARM.ActiveCfg = Release|ARM
		{D6E7784A-829A-4847-AB39-D437C8CBCC45}.Release|ARM.Build.0 = Release|ARM
		{D6E7784A-829A-4847-AB39-D437C8CBCC45}.Release|ARM.Deploy.0 = Release|ARM
		{D6E7784A-829A-4847-AB39-D437C8CBCC45}.Release|iPhone.ActiveCfg = Release|x86
		{D6E7784A-829A-4847-AB39-D437C8CBCC45}.Release|iPhoneSimulator.ActiveCfg = Release|x86
		{D6E7784A-829A-4847-AB39-D437C8CBCC45}.Release|x64.ActiveCfg = Release|x64
		{D6E7784A-829A-4847-AB39-D437C8CBCC45}.Release|x64.Build.0 = Release|x64
		{D6E7784A-829A-4847-AB39-D437C8CBCC45}.Release|x64.Deploy.0 = Release|x64
		{D6E7784A-829A-4847-AB39-D437C8CBCC45}.Release|x86.ActiveCfg = Release|x86
		{D6E7784A-829A-4847-AB39-D437C8CBCC45}.Release|x86.Build.0 = Release|x86
		{D6E7784A-829A-4847-AB39-D437C8CBCC45}.Release|x86.Deploy.0 = Release|x86
		{DD5208B3-2657-436E-A693-F71240A2B189}.Ad-Hoc|Any CPU.ActiveCfg = Ad-Hoc|iPhone
		{DD5208B3-2657-436E-A693-F71240A2B189}.Ad-Hoc|ARM.ActiveCfg = Ad-Hoc|iPhone
		{DD5208B3-2657-436E-A693-F71240A2B189}.Ad-Hoc|iPhone.ActiveCfg = Ad-Hoc|iPhone
		{DD5208B3-2657-436E-A693-F71240A2B189}.Ad-Hoc|iPhone.Build.0 = Ad-Hoc|iPhone
		{DD5208B3-2657-436E-A693-F71240A2B189}.Ad-Hoc|iPhoneSimulator.ActiveCfg = Ad-Hoc|iPhoneSimulator
		{DD5208B3-2657-436E-A693-F71240A2B189}.Ad-Hoc|iPhoneSimulator.Build.0 = Ad-Hoc|iPhoneSimulator
		{DD5208B3-2657-436E-A693-F71240A2B189}.Ad-Hoc|x64.ActiveCfg = Ad-Hoc|iPhone
		{DD5208B3-2657-436E-A693-F71240A2B189}.Ad-Hoc|x86.ActiveCfg = Ad-Hoc|iPhone
		{DD5208B3-2657-436E-A693-F71240A2B189}.AppStore|Any CPU.ActiveCfg = AppStore|iPhone
		{DD5208B3-2657-436E-A693-F71240A2B189}.AppStore|ARM.ActiveCfg = AppStore|iPhone
		{DD5208B3-2657-436E-A693-F71240A2B189}.AppStore|iPhone.ActiveCfg = AppStore|iPhone
		{DD5208B3-2657-436E-A693-F71240A2B189}.AppStore|iPhone.Build.0 = AppStore|iPhone
		{DD5208B3-2657-436E-A693-F71240A2B189}.AppStore|iPhoneSimulator.ActiveCfg = AppStore|iPhoneSimulator
		{DD5208B3-2657-436E-A693-F71240A2B189}.AppStore|iPhoneSimulator.Build.0 = AppStore|iPhoneSimulator
		{DD5208B3-2657-436E-A693-F71240A2B189}.AppStore|x64.ActiveCfg = AppStore|iPhone
		{DD5208B3-2657-436E-A693-F71240A2B189}.AppStore|x86.ActiveCfg = AppStore|iPhone
		{DD5208B3-2657-436E-A693-F71240A2B189}.Debug|Any CPU.ActiveCfg = Debug|iPhone
		{DD5208B3-2657-436E-A693-F71240A2B189}.Debug|ARM.ActiveCfg = Debug|iPhone
		{DD5208B3-2657-436E-A693-F71240A2B189}.Debug|iPhone.ActiveCfg = Debug|iPhone
		{DD5208B3-2657-436E-A693-F71240A2B189}.Debug|iPhone.Build.0 = Debug|iPhone
		{DD5208B3-2657-436E-A693-F71240A2B189}.Debug|iPhoneSimulator.ActiveCfg = Debug|iPhoneSimulator
		{DD5208B3-2657-436E-A693-F71240A2B189}.Debug|iPhoneSimulator.Build.0 = Debug|iPhoneSimulator
		{DD5208B3-2657-436E-A693-F71240A2B189}.Debug|x64.ActiveCfg = Debug|iPhone
		{DD5208B3-2657-436E-A693-F71240A2B189}.Debug|x86.ActiveCfg = Debug|iPhone
		{DD5208B3-2657-436E-A693-F71240A2B189}.Release|Any CPU.ActiveCfg = Release|iPhone
		{DD5208B3-2657-436E-A693-F71240A2B189}.Release|ARM.ActiveCfg = Release|iPhone
		{DD5208B3-2657-436E-A693-F71240A2B189}.Release|iPhone.ActiveCfg = Release|iPhone
		{DD5208B3-2657-436E-A693-F71240A2B189}.Release|iPhone.Build.0 = Release|iPhone
		{DD5208B3-2657-436E-A693-F71240A2B189}.Release|iPhoneSimulator.ActiveCfg = Release|iPhoneSimulator
		{DD5208B3-2657-436E-A693-F71240A2B189}.Release|iPhoneSimulator.Build.0 = Release|iPhoneSimulator
		{DD5208B3-2657-436E-A693-F71240A2B189}.Release|x64.ActiveCfg = Release|iPhone
		{DD5208B3-2657-436E-A693-F71240A2B189}.Release|x86.ActiveCfg = Release|iPhone
		{90357976-2150-426D-9373-295B439D57B9}.Ad-Hoc|Any CPU.ActiveCfg = Release|Any CPU
		{90357976-2150-426D-9373-295B439D57B9}.Ad-Hoc|Any CPU.Build.0 = Release|Any CPU
		{90357976-2150-426D-9373-295B439D57B9}.Ad-Hoc|ARM.ActiveCfg = Release|Any CPU
		{90357976-2150-426D-9373-295B439D57B9}.Ad-Hoc|ARM.Build.0 = Release|Any CPU
		{90357976-2150-426D-9373-295B439D57B9}.Ad-Hoc|iPhone.ActiveCfg = Release|Any CPU
		{90357976-2150-426D-9373-295B439D57B9}.Ad-Hoc|iPhone.Build.0 = Release|Any CPU
		{90357976-2150-426D-9373-295B439D57B9}.Ad-Hoc|iPhoneSimulator.ActiveCfg = Release|Any CPU
		{90357976-2150-426D-9373-295B439D57B9}.Ad-Hoc|iPhoneSimulator.Build.0 = Release|Any CPU
		{90357976-2150-426D-9373-295B439D57B9}.Ad-Hoc|x64.ActiveCfg = Release|Any CPU
		{90357976-2150-426D-9373-295B439D57B9}.Ad-Hoc|x64.Build.0 = Release|Any CPU
		{90357976-2150-426D-9373-295B439D57B9}.Ad-Hoc|x86.ActiveCfg = Release|Any CPU
		{90357976-2150-426D-9373-295B439D57B9}.Ad-Hoc|x86.Build.0 = Release|Any CPU
		{90357976-2150-426D-9373-295B439D57B9}.AppStore|Any CPU.ActiveCfg = Release|Any CPU
		{90357976-2150-426D-9373-295B439D57B9}.AppStore|Any CPU.Build.0 = Release|Any CPU
		{90357976-2150-426D-9373-295B439D57B9}.AppStore|ARM.ActiveCfg = Release|Any CPU
		{90357976-2150-426D-9373-295B439D57B9}.AppStore|ARM.Build.0 = Release|Any CPU
		{90357976-2150-426D-9373-295B439D57B9}.AppStore|iPhone.ActiveCfg = Release|Any CPU
		{90357976-2150-426D-9373-295B439D57B9}.AppStore|iPhone.Build.0 = Release|Any CPU
		{90357976-2150-426D-9373-295B439D57B9}.AppStore|iPhoneSimulator.ActiveCfg = Release|Any CPU
		{90357976-2150-426D-9373-295B439D57B9}.AppStore|iPhoneSimulator.Build.0 = Release|Any CPU
		{90357976-2150-426D-9373-295B439D57B9}.AppStore|x64.ActiveCfg = Release|Any CPU
		{90357976-2150-426D-9373-295B439D57B9}.AppStore|x64.Build.0 = Release|Any CPU
		{90357976-2150-426D-9373-295B439D57B9}.AppStore|x86.ActiveCfg = Release|Any CPU
		{90357976-2150-426D-9373-295B439D57B9}.AppStore|x86.Build.0 = Release|Any CPU
		{90357976-2150-426D-9373-295B439D57B9}.Debug|Any CPU.ActiveCfg = Debug|Any CPU
		{90357976-2150-426D-9373-295B439D57B9}.Debug|Any CPU.Build.0 = Debug|Any CPU
		{90357976-2150-426D-9373-295B439D57B9}.Debug|ARM.ActiveCfg = Debug|Any CPU
		{90357976-2150-426D-9373-295B439D57B9}.Debug|ARM.Build.0 = Debug|Any CPU
		{90357976-2150-426D-9373-295B439D57B9}.Debug|iPhone.ActiveCfg = Debug|Any CPU
		{90357976-2150-426D-9373-295B439D57B9}.Debug|iPhone.Build.0 = Debug|Any CPU
		{90357976-2150-426D-9373-295B439D57B9}.Debug|iPhoneSimulator.ActiveCfg = Debug|Any CPU
		{90357976-2150-426D-9373-295B439D57B9}.Debug|iPhoneSimulator.Build.0 = Debug|Any CPU
		{90357976-2150-426D-9373-295B439D57B9}.Debug|x64.ActiveCfg = Debug|Any CPU
		{90357976-2150-426D-9373-295B439D57B9}.Debug|x64.Build.0 = Debug|Any CPU
		{90357976-2150-426D-9373-295B439D57B9}.Debug|x86.ActiveCfg = Debug|Any CPU
		{90357976-2150-426D-9373-295B439D57B9}.Debug|x86.Build.0 = Debug|Any CPU
		{90357976-2150-426D-9373-295B439D57B9}.Release|Any CPU.ActiveCfg = Release|Any CPU
		{90357976-2150-426D-9373-295B439D57B9}.Release|Any CPU.Build.0 = Release|Any CPU
		{90357976-2150-426D-9373-295B439D57B9}.Release|ARM.ActiveCfg = Release|Any CPU
		{90357976-2150-426D-9373-295B439D57B9}.Release|ARM.Build.0 = Release|Any CPU
		{90357976-2150-426D-9373-295B439D57B9}.Release|iPhone.ActiveCfg = Release|Any CPU
		{90357976-2150-426D-9373-295B439D57B9}.Release|iPhone.Build.0 = Release|Any CPU
		{90357976-2150-426D-9373-295B439D57B9}.Release|iPhoneSimulator.ActiveCfg = Release|Any CPU
		{90357976-2150-426D-9373-295B439D57B9}.Release|iPhoneSimulator.Build.0 = Release|Any CPU
		{90357976-2150-426D-9373-295B439D57B9}.Release|x64.ActiveCfg = Release|Any CPU
		{90357976-2150-426D-9373-295B439D57B9}.Release|x64.Build.0 = Release|Any CPU
		{90357976-2150-426D-9373-295B439D57B9}.Release|x86.ActiveCfg = Release|Any CPU
		{90357976-2150-426D-9373-295B439D57B9}.Release|x86.Build.0 = Release|Any CPU
	EndGlobalSection
	GlobalSection(SolutionProperties) = preSolution
		HideSolutionNode = FALSE
	EndGlobalSection
EndGlobal
